<?xml version="1.0" encoding="utf-8"?>
<Project ToolsVersion="4.0" xmlns="http://schemas.microsoft.com/developer/msbuild/2003">
  <ItemGroup>
    <Filter Include="Source Files">
      <UniqueIdentifier>{4FC737F1-C7A5-4376-A066-2A32D752A2FF}</UniqueIdentifier>
      <Extensions>cpp;cxx;c;def</Extensions>
    </Filter>
    <Filter Include="Header Files">
      <UniqueIdentifier>{93995380-89BD-4b04-88EB-625FBE52EBFB}</UniqueIdentifier>
      <Extensions>h</Extensions>
    </Filter>
    <Filter Include="Form Files">
      <UniqueIdentifier>{99349809-55BA-4b9d-BF79-8FDBB0286EB3}</UniqueIdentifier>
      <Extensions>ui</Extensions>
    </Filter>
    <Filter Include="Resource Files">
      <UniqueIdentifier>{D9D6E242-F8AF-46E4-B9FD-80ECBC20BA3E}</UniqueIdentifier>
      <Extensions>qrc;*</Extensions>
      <ParseFiles>false</ParseFiles>
    </Filter>
    <Filter Include="Generated Files">
      <UniqueIdentifier>{71ED8ED8-ACB9-4CE9-BBE1-E00B30144E11}</UniqueIdentifier>
      <Extensions>moc;h;cpp</Extensions>
      <SourceControlFiles>False</SourceControlFiles>
    </Filter>
    <Filter Include="Generated Files\Debug">
      <UniqueIdentifier>{290423a9-450b-4eb5-a264-cce5f727f187}</UniqueIdentifier>
      <Extensions>cpp;moc</Extensions>
      <SourceControlFiles>False</SourceControlFiles>
    </Filter>
    <Filter Include="Generated Files\Release">
      <UniqueIdentifier>{ba77d3ec-1a2d-47fa-8e49-8dd3a2af5b13}</UniqueIdentifier>
      <Extensions>cpp;moc</Extensions>
      <SourceControlFiles>False</SourceControlFiles>
    </Filter>
    <Filter Include="kazmath">
      <UniqueIdentifier>{946022b7-6668-4a0e-9f0a-0b22f73dfdb8}</UniqueIdentifier>
    </Filter>
    <Filter Include="kazmath\GL">
      <UniqueIdentifier>{fa2726d0-692d-4cf5-9e3d-c23b59a83c53}</UniqueIdentifier>
    </Filter>
    <Filter Include="cocos">
      <UniqueIdentifier>{f63f7ad1-a93b-49ed-b110-96fe9ebdb232}</UniqueIdentifier>
    </Filter>
    <Filter Include="cocos\base">
      <UniqueIdentifier>{71c7f92d-0e2c-4931-95e3-afc878fc73c6}</UniqueIdentifier>
    </Filter>
  </ItemGroup>
  <ItemGroup>
    <ClCompile Include="main.cpp">
      <Filter>Source Files</Filter>
    </ClCompile>
    <ClCompile Include="mainwindow.cpp">
      <Filter>Source Files</Filter>
    </ClCompile>
    <ClCompile Include="GeneratedFiles\Debug\moc_mainwindow.cpp">
      <Filter>Generated Files\Debug</Filter>
    </ClCompile>
    <ClCompile Include="GeneratedFiles\Release\moc_mainwindow.cpp">
      <Filter>Generated Files\Release</Filter>
    </ClCompile>
    <ClCompile Include="GeneratedFiles\qrc_mainwindow.cpp">
      <Filter>Generated Files</Filter>
    </ClCompile>
    <ClCompile Include="glviewwidget.cpp">
      <Filter>Source Files</Filter>
    </ClCompile>
    <ClCompile Include="GeneratedFiles\Debug\moc_glviewwidget.cpp">
      <Filter>Generated Files\Debug</Filter>
    </ClCompile>
    <ClCompile Include="GeneratedFiles\Release\moc_glviewwidget.cpp">
      <Filter>Generated Files\Release</Filter>
    </ClCompile>
    <ClCompile Include="kazmath\GL\mat4stack.c">
      <Filter>kazmath\GL</Filter>
    </ClCompile>
    <ClCompile Include="kazmath\GL\matrix.c">
      <Filter>kazmath\GL</Filter>
    </ClCompile>
    <ClCompile Include="kazmath\mat4.c">
      <Filter>kazmath</Filter>
    </ClCompile>
    <ClCompile Include="kazmath\neon_matrix_impl.c">
      <Filter>kazmath</Filter>
    </ClCompile>
    <ClCompile Include="kazmath\plane.c">
      <Filter>kazmath</Filter>
    </ClCompile>
    <ClCompile Include="kazmath\quaternion.c">
      <Filter>kazmath</Filter>
    </ClCompile>
    <ClCompile Include="kazmath\ray2.c">
      <Filter>kazmath</Filter>
    </ClCompile>
    <ClCompile Include="kazmath\utility.c">
      <Filter>kazmath</Filter>
    </ClCompile>
    <ClCompile Include="kazmath\vec2.c">
      <Filter>kazmath</Filter>
    </ClCompile>
    <ClCompile Include="kazmath\vec3.c">
      <Filter>kazmath</Filter>
    </ClCompile>
    <ClCompile Include="kazmath\vec4.c">
      <Filter>kazmath</Filter>
    </ClCompile>
    <ClCompile Include="kazmath\aabb.c">
      <Filter>kazmath</Filter>
    </ClCompile>
    <ClCompile Include="kazmath\mat3.c">
      <Filter>kazmath</Filter>
    </ClCompile>
    <ClCompile Include="cocos\CCNode.cpp">
      <Filter>cocos</Filter>
    </ClCompile>
    <ClCompile Include="cocos\base\CCAutoReleasePool.cpp">
      <Filter>cocos\base</Filter>
    </ClCompile>
    <ClCompile Include="cocos\base\CCRef.cpp">
      <Filter>cocos\base</Filter>
    </ClCompile>
    <ClCompile Include="cocos\base\CCDirector.cpp">
      <Filter>cocos\base</Filter>
    </ClCompile>
  </ItemGroup>
  <ItemGroup>
    <CustomBuild Include="mainwindow.h">
      <Filter>Header Files</Filter>
    </CustomBuild>
    <CustomBuild Include="mainwindow.ui">
      <Filter>Form Files</Filter>
    </CustomBuild>
    <CustomBuild Include="mainwindow.qrc">
      <Filter>Resource Files</Filter>
    </CustomBuild>
    <CustomBuild Include="glviewwidget.h">
      <Filter>Header Files</Filter>
    </CustomBuild>
    <CustomBuild Include="glviewwidget.ui">
      <Filter>Form Files</Filter>
    </CustomBuild>
  </ItemGroup>
  <ItemGroup>
    <ClInclude Include="GeneratedFiles\ui_mainwindow.h">
      <Filter>Generated Files</Filter>
    </ClInclude>
    <ClInclude Include="GeneratedFiles\ui_glviewwidget.h">
      <Filter>Generated Files</Filter>
    </ClInclude>
    <ClInclude Include="kazmath\GL\mat4stack.h">
      <Filter>kazmath\GL</Filter>
    </ClInclude>
    <ClInclude Include="kazmath\GL\matrix.h">
      <Filter>kazmath\GL</Filter>
    </ClInclude>
    <ClInclude Include="kazmath\mat3.h">
      <Filter>kazmath</Filter>
    </ClInclude>
    <ClInclude Include="kazmath\mat4.h">
      <Filter>kazmath</Filter>
    </ClInclude>
    <ClInclude Include="kazmath\neon_matrix_impl.h">
      <Filter>kazmath</Filter>
    </ClInclude>
    <ClInclude Include="kazmath\plane.h">
      <Filter>kazmath</Filter>
    </ClInclude>
    <ClInclude Include="kazmath\quaternion.h">
      <Filter>kazmath</Filter>
    </ClInclude>
    <ClInclude Include="kazmath\ray2.h">
      <Filter>kazmath</Filter>
    </ClInclude>
    <ClInclude Include="kazmath\utility.h">
      <Filter>kazmath</Filter>
    </ClInclude>
    <ClInclude Include="kazmath\vec2.h">
      <Filter>kazmath</Filter>
    </ClInclude>
    <ClInclude Include="kazmath\vec3.h">
      <Filter>kazmath</Filter>
    </ClInclude>
    <ClInclude Include="kazmath\vec4.h">
      <Filter>kazmath</Filter>
    </ClInclude>
    <ClInclude Include="kazmath\aabb.h">
      <Filter>kazmath</Filter>
    </ClInclude>
    <ClInclude Include="kazmath\kazmath.h">
      <Filter>kazmath</Filter>
    </ClInclude>
    <ClInclude Include="cocos\CCNode.h">
      <Filter>cocos</Filter>
    </ClInclude>
    <ClInclude Include="cocos\base\CCPlatformMacros.h">
      <Filter>cocos\base</Filter>
    </ClInclude>
    <ClInclude Include="cocos\base\ccMacros.h">
      <Filter>cocos\base</Filter>
    </ClInclude>
    <ClInclude Include="cocos\base\CCAutoReleasePool.h">
      <Filter>cocos\base</Filter>
    </ClInclude>
    <ClInclude Include="cocos\base\CCRef.h">
      <Filter>cocos\base</Filter>
    </ClInclude>
    <ClInclude Include="cocos\base\CCDirector.h">
      <Filter>cocos\base</Filter>
    </ClInclude>
  </ItemGroup>
  <ItemGroup>
    <ResourceCompile Include="QTool.rc" />
  </ItemGroup>
</Project>